
Microsoft Visual Studio Solution File, Format Version 12.00
# Visual Studio Version 16
VisualStudioVersion = 16.0.30804.86
MinimumVisualStudioVersion = 10.0.40219.1
Project("{FAE04EC0-301F-11D3-BF4B-00C04F79EFBC}") = "ToolApi", "ToolApi\ToolApi.csproj", "{06D77032-E339-4C26-A34C-A5A0674D6A10}"
EndProject
Global
	GlobalSection(SolutionConfigurationPlatforms) = preSolution
		Debug|Any CPU = Debug|Any CPU
		Release|Any CPU = Release|Any CPU
	EndGlobalSection
	GlobalSection(ProjectConfigurationPlatforms) = postSolution
		{06D77032-E339-4C26-A34C-A5A0674D6A10}.Debug|Any CPU.ActiveCfg = Debug|Any CPU
		{06D77032-E339-4C26-A34C-A5A0674D6A10}.Debug|Any CPU.Build.0 = Debug|Any CPU
		{06D77032-E339-4C26-A34C-A5A0674D6A10}.Release|Any CPU.ActiveCfg = Release|Any CPU
		{06D77032-E339-4C26-A34C-A5A0674D6A10}.Release|Any CPU.Build.0 = Release|Any CPU
	EndGlobalSection
	GlobalSection(SolutionProperties) = preSolution
		HideSolutionNode = FALSE
	EndGlobalSection
	GlobalSection(ExtensibilityGlobals) = postSolution
		SolutionGuid = {657ADC43-1904-46B0-AB6F-025DF2E24CD0}
	EndGlobalSection
EndGlobal
